
Microsoft Visual Studio Solution File, Format Version 12.00
# Visual Studio 15
VisualStudioVersion = 15.0.26124.0
MinimumVisualStudioVersion = 15.0.26124.0
Project("{FAE04EC0-301F-11D3-BF4B-00C04F79EFBC}") = "API", "API\API.csproj", "{9FDA4214-93DF-4E0F-A184-0FAF11162B71}"
EndProject
Project("{FAE04EC0-301F-11D3-BF4B-00C04F79EFBC}") = "Application", "Application\Application.csproj", "{ACF6C79C-4980-4334-9374-B320AC0AE5AC}"
EndProject
Project("{FAE04EC0-301F-11D3-BF4B-00C04F79EFBC}") = "Domain", "Domain\Domain.csproj", "{32120B14-EB07-4E6D-B784-C8EBA0F41362}"
EndProject
Project("{FAE04EC0-301F-11D3-BF4B-00C04F79EFBC}") = "Persistence", "Persistence\Persistence.csproj", "{A8AA6B6F-B604-4AA0-AEB2-1232AE034689}"
EndProject
Global
	GlobalSection(SolutionConfigurationPlatforms) = preSolution
		Debug|Any CPU = Debug|Any CPU
		Debug|x64 = Debug|x64
		Debug|x86 = Debug|x86
		Release|Any CPU = Release|Any CPU
		Release|x64 = Release|x64
		Release|x86 = Release|x86
	EndGlobalSection
	GlobalSection(SolutionProperties) = preSolution
		HideSolutionNode = FALSE
	EndGlobalSection
	GlobalSection(ProjectConfigurationPlatforms) = postSolution
		{9FDA4214-93DF-4E0F-A184-0FAF11162B71}.Debug|Any CPU.ActiveCfg = Debug|Any CPU
		{9FDA4214-93DF-4E0F-A184-0FAF11162B71}.Debug|Any CPU.Build.0 = Debug|Any CPU
		{9FDA4214-93DF-4E0F-A184-0FAF11162B71}.Debug|x64.ActiveCfg = Debug|Any CPU
		{9FDA4214-93DF-4E0F-A184-0FAF11162B71}.Debug|x64.Build.0 = Debug|Any CPU
		{9FDA4214-93DF-4E0F-A184-0FAF11162B71}.Debug|x86.ActiveCfg = Debug|Any CPU
		{9FDA4214-93DF-4E0F-A184-0FAF11162B71}.Debug|x86.Build.0 = Debug|Any CPU
		{9FDA4214-93DF-4E0F-A184-0FAF11162B71}.Release|Any CPU.ActiveCfg = Release|Any CPU
		{9FDA4214-93DF-4E0F-A184-0FAF11162B71}.Release|Any CPU.Build.0 = Release|Any CPU
		{9FDA4214-93DF-4E0F-A184-0FAF11162B71}.Release|x64.ActiveCfg = Release|Any CPU
		{9FDA4214-93DF-4E0F-A184-0FAF11162B71}.Release|x64.Build.0 = Release|Any CPU
		{9FDA4214-93DF-4E0F-A184-0FAF11162B71}.Release|x86.ActiveCfg = Release|Any CPU
		{9FDA4214-93DF-4E0F-A184-0FAF11162B71}.Release|x86.Build.0 = Release|Any CPU
		{ACF6C79C-4980-4334-9374-B320AC0AE5AC}.Debug|Any CPU.ActiveCfg = Debug|Any CPU
		{ACF6C79C-4980-4334-9374-B320AC0AE5AC}.Debug|Any CPU.Build.0 = Debug|Any CPU
		{ACF6C79C-4980-4334-9374-B320AC0AE5AC}.Debug|x64.ActiveCfg = Debug|Any CPU
		{ACF6C79C-4980-4334-9374-B320AC0AE5AC}.Debug|x64.Build.0 = Debug|Any CPU
		{ACF6C79C-4980-4334-9374-B320AC0AE5AC}.Debug|x86.ActiveCfg = Debug|Any CPU
		{ACF6C79C-4980-4334-9374-B320AC0AE5AC}.Debug|x86.Build.0 = Debug|Any CPU
		{ACF6C79C-4980-4334-9374-B320AC0AE5AC}.Release|Any CPU.ActiveCfg = Release|Any CPU
		{ACF6C79C-4980-4334-9374-B320AC0AE5AC}.Release|Any CPU.Build.0 = Release|Any CPU
		{ACF6C79C-4980-4334-9374-B320AC0AE5AC}.Release|x64.ActiveCfg = Release|Any CPU
		{ACF6C79C-4980-4334-9374-B320AC0AE5AC}.Release|x64.Build.0 = Release|Any CPU
		{ACF6C79C-4980-4334-9374-B320AC0AE5AC}.Release|x86.ActiveCfg = Release|Any CPU
		{ACF6C79C-4980-4334-9374-B320AC0AE5AC}.Release|x86.Build.0 = Release|Any CPU
		{32120B14-EB07-4E6D-B784-C8EBA0F41362}.Debug|Any CPU.ActiveCfg = Debug|Any CPU
		{32120B14-EB07-4E6D-B784-C8EBA0F41362}.Debug|Any CPU.Build.0 = Debug|Any CPU
		{32120B14-EB07-4E6D-B784-C8EBA0F41362}.Debug|x64.ActiveCfg = Debug|Any CPU
		{32120B14-EB07-4E6D-B784-C8EBA0F41362}.Debug|x64.Build.0 = Debug|Any CPU
		{32120B14-EB07-4E6D-B784-C8EBA0F41362}.Debug|x86.ActiveCfg = Debug|Any CPU
		{32120B14-EB07-4E6D-B784-C8EBA0F41362}.Debug|x86.Build.0 = Debug|Any CPU
		{32120B14-EB07-4E6D-B784-C8EBA0F41362}.Release|Any CPU.ActiveCfg = Release|Any CPU
		{32120B14-EB07-4E6D-B784-C8EBA0F41362}.Release|Any CPU.Build.0 = Release|Any CPU
		{32120B14-EB07-4E6D-B784-C8EBA0F41362}.Release|x64.ActiveCfg = Release|Any CPU
		{32120B14-EB07-4E6D-B784-C8EBA0F41362}.Release|x64.Build.0 = Release|Any CPU
		{32120B14-EB07-4E6D-B784-C8EBA0F41362}.Release|x86.ActiveCfg = Release|Any CPU
		{32120B14-EB07-4E6D-B784-C8EBA0F41362}.Release|x86.Build.0 = Release|Any CPU
		{A8AA6B6F-B604-4AA0-AEB2-1232AE034689}.Debug|Any CPU.ActiveCfg = Debug|Any CPU
		{A8AA6B6F-B604-4AA0-AEB2-1232AE034689}.Debug|Any CPU.Build.0 = Debug|Any CPU
		{A8AA6B6F-B604-4AA0-AEB2-1232AE034689}.Debug|x64.ActiveCfg = Debug|Any CPU
		{A8AA6B6F-B604-4AA0-AEB2-1232AE034689}.Debug|x64.Build.0 = Debug|Any CPU
		{A8AA6B6F-B604-4AA0-AEB2-1232AE034689}.Debug|x86.ActiveCfg = Debug|Any CPU
		{A8AA6B6F-B604-4AA0-AEB2-1232AE034689}.Debug|x86.Build.0 = Debug|Any CPU
		{A8AA6B6F-B604-4AA0-AEB2-1232AE034689}.Release|Any CPU.ActiveCfg = Release|Any CPU
		{A8AA6B6F-B604-4AA0-AEB2-1232AE034689}.Release|Any CPU.Build.0 = Release|Any CPU
		{A8AA6B6F-B604-4AA0-AEB2-1232AE034689}.Release|x64.ActiveCfg = Release|Any CPU
		{A8AA6B6F-B604-4AA0-AEB2-1232AE034689}.Release|x64.Build.0 = Release|Any CPU
		{A8AA6B6F-B604-4AA0-AEB2-1232AE034689}.Release|x86.ActiveCfg = Release|Any CPU
		{A8AA6B6F-B604-4AA0-AEB2-1232AE034689}.Release|x86.Build.0 = Release|Any CPU
	EndGlobalSection
EndGlobal
